# This file is generated by running "yarn install" inside your project.
# Manual changes might be lost - proceed with caution!

__metadata:
  version: 4
  cacheKey: 7

"ansi-regex@npm:^5.0.0":
  version: 5.0.0
  resolution: "ansi-regex@npm:5.0.0"
  checksum: cbd9b5c9dbbb4a949c2a6e93f1c6cc19f0683d8a4724d08d2158627be6d373f0f3ba1f4ada01dce7ee141f2ba2628fbbd29932c7d49926e3b630c7f329f3178b
  languageName: node
  linkType: hard

"ansi-styles@npm:^4.1.0":
  version: 4.3.0
  resolution: "ansi-styles@npm:4.3.0"
  dependencies:
    color-convert: ^2.0.1
  checksum: ea02c0179f3dd089a161f5fdd7ccd89dd84f31d82b68869f1134bf5c5b9e1313dadd2ff9edb02b44f46243f285ef5b785f6cb61c84a293694221417c42934407
  languageName: node
  linkType: hard

"benchmark@npm:^2.1.4":
  version: 2.1.4
  resolution: "benchmark@npm:2.1.4"
  dependencies:
    lodash: ^4.17.4
    platform: ^1.3.3
  checksum: 3d3d8f4771b7f9b17f1a967b8f5e70319930fcec2691b35418062342bfbbd1a3221b3129aaf5938fc6a85703837f8cdf2f6875349c158c5aa574b6eb36ab6baa
  languageName: node
  linkType: hard

"chalk@npm:^4.1.0":
  version: 4.1.0
  resolution: "chalk@npm:4.1.0"
  dependencies:
    ansi-styles: ^4.1.0
    supports-color: ^7.1.0
  checksum: f860285b419f9e925c2db0f45ffa88aa8794c14b80cc5d01ff30930bcfc384996606362706f0829cf557f6d36152a5fb2d227ad63c4bc90e2ec9e9dbed4a3c07
  languageName: node
  linkType: hard

"color-convert@npm:^2.0.1":
  version: 2.0.1
  resolution: "color-convert@npm:2.0.1"
  dependencies:
    color-name: ~1.1.4
  checksum: 3d5d8a011a43012ca11b6d739049ecf2055d95582fd16ec44bf1e685eb0baa5cc652002be8a1dc92b429c8d87418287d0528266a7595cb1ad8a7f4f1d3049df2
  languageName: node
  linkType: hard

"color-name@npm:~1.1.4":
  version: 1.1.4
  resolution: "color-name@npm:1.1.4"
  checksum: 3e1c9a4dee12eada307436f61614dd11fe300469db2b83f80c8b7a7cd8a1015f0f18dd13403f018927b249003777ff60baba4a03c65f12e6bddc0dfd9642021f
  languageName: node
  linkType: hard

"dot@npm:beta":
  version: 2.0.0-beta.1
  resolution: "dot@npm:2.0.0-beta.1"
  checksum: cc8395e8f1f321baa20ba70e76c928bbcefb18755d8aecdb657f124902ed9bd1ea57c99995275bf9c6a1c64780c778a011b35b7335c4f2971f0e682fe30832bb
  languageName: node
  linkType: hard

"has-flag@npm:^4.0.0":
  version: 4.0.0
  resolution: "has-flag@npm:4.0.0"
  checksum: 2e5391139d3d287231ccb58659702392f6e3abeac3296fb4721afaff46493f3d9b99a9329ae015dfe973aa206ed5c75f43e86aec0267dce79aa5c2b6e811b3ad
  languageName: node
  linkType: hard

"lodash@npm:^4.17.4":
  version: 4.17.20
  resolution: "lodash@npm:4.17.20"
  checksum: c62101d2500c383b5f174a7e9e6fe8098149ddd6e9ccfa85f36d4789446195f5c4afd3cfba433026bcaf3da271256566b04a2bf2618e5a39f6e67f8c12030cb6
  languageName: node
  linkType: hard

"luxon@npm:^1.25.0":
  version: 1.25.0
  resolution: "luxon@npm:1.25.0"
  checksum: 3f0d64355beab707f5e8eb4e2d7e1cad90569c2a4c4dce440e0b4be4eb6833ec1a83513a4210361cd4dc5a266c0221718a9afd15f7cde3002d8fa1d0976b9e50
  languageName: node
  linkType: hard

"nmmes-tracer@workspace:.":
  version: 0.0.0-use.local
  resolution: "nmmes-tracer@workspace:."
  dependencies:
    benchmark: ^2.1.4
    chalk: ^4.1.0
    dot: beta
    luxon: ^1.25.0
    strip-ansi: ^6.0.0
  languageName: unknown
  linkType: soft

"platform@npm:^1.3.3":
  version: 1.3.6
  resolution: "platform@npm:1.3.6"
  checksum: d4d10d5a55476c6d369b03e02b31df50a4e7f1c565efabe707379b8a119709fb2a66dec090ab7fe520a30b767fe3791e3c4a5aba985918e51a17df45e469189f
  languageName: node
  linkType: hard

"strip-ansi@npm:^6.0.0":
  version: 6.0.0
  resolution: "strip-ansi@npm:6.0.0"
  dependencies:
    ansi-regex: ^5.0.0
  checksum: 10568c91cadbef182a807c38dfa718dce15a35b12fcc97b96b6b2029d0508ef66ca93fabddeb49482d9b027495d1e18591858e80f27ad26861c4967c60fd207f
  languageName: node
  linkType: hard

"supports-color@npm:^7.1.0":
  version: 7.2.0
  resolution: "supports-color@npm:7.2.0"
  dependencies:
    has-flag: ^4.0.0
  checksum: 8e57067c39216f3c2ffce7cc14ca934d54746192571203aa9c9922d97d2d55cc1bdaa9e41a11f91e620670b5a74ebdec6b548a885d8cc2dea7cab59e21416029
  languageName: node
  linkType: hard
